<?xml version="1.0" encoding="utf-8"?>
<Project ToolsVersion="4.0" xmlns="http://schemas.microsoft.com/developer/msbuild/2003">
  <ItemGroup>
    <Filter Include="FrameWork">
      <UniqueIdentifier>{1c5ab797-ca24-4a51-9d27-d0b066360cfe}</UniqueIdentifier>
    </Filter>
    <Filter Include="Game Object">
      <UniqueIdentifier>{a5b7b360-8504-4de1-a547-593d46282686}</UniqueIdentifier>
    </Filter>
    <Filter Include="WinMain">
      <UniqueIdentifier>{e4793fb9-22e9-4993-aa0c-f1ca6b00bcc2}</UniqueIdentifier>
    </Filter>
    <Filter Include="Resources">
      <UniqueIdentifier>{78cd12fd-b456-4c50-8b22-70ecb73ab06d}</UniqueIdentifier>
    </Filter>
    <Filter Include="FrameWork\Texture">
      <UniqueIdentifier>{e700fedd-fe45-4270-a5a3-c4092f28a605}</UniqueIdentifier>
    </Filter>
    <Filter Include="Game Object\Bill">
      <UniqueIdentifier>{94e30030-c858-47bc-958c-c49007023e06}</UniqueIdentifier>
    </Filter>
    <Filter Include="FrameWork\Game">
      <UniqueIdentifier>{39bbceb9-a2e1-4ff4-bafc-19fa982e02a1}</UniqueIdentifier>
    </Filter>
    <Filter Include="FrameWork\Game\CGame">
      <UniqueIdentifier>{e172d85b-5859-45fa-81dc-be96c057e359}</UniqueIdentifier>
    </Filter>
    <Filter Include="FrameWork\Game\Contra Game">
      <UniqueIdentifier>{907c149d-6e5a-4649-8cd5-9ba7e0f39aa0}</UniqueIdentifier>
    </Filter>
    <Filter Include="FrameWork\Game\Global">
      <UniqueIdentifier>{2e05be4e-3255-49ac-8b49-08dc8daf3e1a}</UniqueIdentifier>
    </Filter>
    <Filter Include="FrameWork\Game\Menu">
      <UniqueIdentifier>{cd81e7be-22a8-41a2-b922-d642826956b1}</UniqueIdentifier>
    </Filter>
    <Filter Include="FrameWork\Game\Intro">
      <UniqueIdentifier>{01de43cb-de30-4db6-b850-e6b9a5b1fdf7}</UniqueIdentifier>
    </Filter>
    <Filter Include="FrameWork\Game\Audio">
      <UniqueIdentifier>{7efcfda6-7250-427e-87f9-ad393e605a17}</UniqueIdentifier>
    </Filter>
    <Filter Include="Game Object\Bullet">
      <UniqueIdentifier>{b1493b71-3887-4485-bb3d-47dfff713a2d}</UniqueIdentifier>
    </Filter>
    <Filter Include="Game Object\Bullet\BaseBullet">
      <UniqueIdentifier>{defc8271-c974-40fa-8058-164006619e15}</UniqueIdentifier>
    </Filter>
    <Filter Include="Game Object\Bullet\PlayerBullet">
      <UniqueIdentifier>{582fbc84-abb5-4ba1-b3bf-745aacbf7f34}</UniqueIdentifier>
    </Filter>
    <Filter Include="Game Object\Bullet\PlayerBullet\Base">
      <UniqueIdentifier>{f22e62a1-c0e8-43ee-be1e-13b0fbcc36bd}</UniqueIdentifier>
    </Filter>
    <Filter Include="Game Object\Bullet\PlayerBullet\Basic">
      <UniqueIdentifier>{adfc6522-932a-4b72-9c07-e1cc4ea6eddd}</UniqueIdentifier>
    </Filter>
    <Filter Include="Game Object\Bullet\PoolBullet">
      <UniqueIdentifier>{528416e8-779a-4275-8842-599f4a058089}</UniqueIdentifier>
    </Filter>
    <Filter Include="Game Object\PlatForm">
      <UniqueIdentifier>{903360d3-eac9-495b-8109-eec31fd686d9}</UniqueIdentifier>
    </Filter>
    <Filter Include="WorldMap">
      <UniqueIdentifier>{a2667a4b-edb1-4f0c-8723-a03dd068d2bf}</UniqueIdentifier>
    </Filter>
    <Filter Include="Game Object\Bullet\PlayerBullet\SBullet">
      <UniqueIdentifier>{4fdbde66-3d74-4e71-8306-43e249c71371}</UniqueIdentifier>
    </Filter>
    <Filter Include="Game Object\Bullet\PlayerBullet\FBullet">
      <UniqueIdentifier>{1bd2c6da-f2c4-4760-b7d0-e031124e04f0}</UniqueIdentifier>
    </Filter>
    <Filter Include="Game Object\Bullet\PlayerBullet\MBullet">
      <UniqueIdentifier>{4b1496e0-455d-4f81-89d7-5bb909863897}</UniqueIdentifier>
    </Filter>
    <Filter Include="Game Object\Bullet\PlayerBullet\LBullet">
      <UniqueIdentifier>{99310471-9275-48d3-b4b8-f202bd5a8544}</UniqueIdentifier>
    </Filter>
    <Filter Include="Game Object\Item">
      <UniqueIdentifier>{8c49a7eb-63f6-4c21-bd60-8647bbd8e61a}</UniqueIdentifier>
    </Filter>
    <Filter Include="Game Object\FlyingCapSule">
      <UniqueIdentifier>{c3f93cc2-96d9-46c3-b799-362a62d93982}</UniqueIdentifier>
    </Filter>
    <Filter Include="Game Object\Enemy">
      <UniqueIdentifier>{c9ab4bd7-9b98-42a5-9daa-93422bbd6b78}</UniqueIdentifier>
    </Filter>
    <Filter Include="Game Object\Enemy\Base">
      <UniqueIdentifier>{c4c46cee-03a6-4c33-99b6-252c25b1dead}</UniqueIdentifier>
    </Filter>
    <Filter Include="Game Object\Enemy\EnemyBullet">
      <UniqueIdentifier>{f1a9b31c-9c45-4cf1-afc8-3b824bef7f92}</UniqueIdentifier>
    </Filter>
    <Filter Include="Game Object\Enemy\EnemyBullet\Base">
      <UniqueIdentifier>{9303c355-51db-4152-9420-6b28d9e5fd90}</UniqueIdentifier>
    </Filter>
    <Filter Include="Game Object\Enemy\EnemyBullet\Pool_Enemy_Bullet">
      <UniqueIdentifier>{efed8def-89e9-4a48-9ab9-cb72b10bd285}</UniqueIdentifier>
    </Filter>
    <Filter Include="Game Object\Enemy\EnemyBullet\LargeBullet">
      <UniqueIdentifier>{bcce5366-944e-427c-acec-1cf4df3ff5dd}</UniqueIdentifier>
    </Filter>
    <Filter Include="Game Object\Enemy\EnemyBullet\SmallBullet">
      <UniqueIdentifier>{78375171-a2f0-41de-be2e-a495367de915}</UniqueIdentifier>
    </Filter>
    <Filter Include="Game Object\BaseGameObject">
      <UniqueIdentifier>{8e96cc4d-2452-4894-be01-b4051cfce9a0}</UniqueIdentifier>
    </Filter>
    <Filter Include="QuadTree">
      <UniqueIdentifier>{96b2efd7-fabf-4f75-a95b-fec154892026}</UniqueIdentifier>
    </Filter>
    <Filter Include="FrameWork\CheckCollision">
      <UniqueIdentifier>{01670c38-8240-4147-9718-06c6607b3ac1}</UniqueIdentifier>
    </Filter>
    <Filter Include="Game Object\Enemy\Boss">
      <UniqueIdentifier>{8c6faf22-be7a-4337-8aa0-0a54ce460ada}</UniqueIdentifier>
    </Filter>
    <Filter Include="Game Object\Enemy\Boss\Boss-Stage1">
      <UniqueIdentifier>{5a38abc7-fa65-49b8-9e57-05a97e4e9f27}</UniqueIdentifier>
    </Filter>
    <Filter Include="Game Object\Enemy\Boss\Boss-Stage1\Double_Gun">
      <UniqueIdentifier>{9700aa3a-0cde-4a37-8dae-22ab2e3dcddc}</UniqueIdentifier>
    </Filter>
    <Filter Include="Game Object\Enemy\Boss\Boss-Stage1\MainBoss">
      <UniqueIdentifier>{fa45344b-45a7-4c6a-ae70-0f6a58a21418}</UniqueIdentifier>
    </Filter>
    <Filter Include="Game Object\Enemy\Boss\Boss-Stage2">
      <UniqueIdentifier>{44f39606-cf77-4f1a-9cb7-c2ae5e5b8c1d}</UniqueIdentifier>
    </Filter>
    <Filter Include="Game Object\Enemy\Boss\Boss-Stage2\RightHand">
      <UniqueIdentifier>{328a4926-8364-4e87-9d5c-355976a72916}</UniqueIdentifier>
    </Filter>
    <Filter Include="Game Object\Enemy\Boss\Boss-Stage2\RightHand\Boss_Stone">
      <UniqueIdentifier>{e0c410b9-a572-46e9-97d3-2fc5a7cf19f5}</UniqueIdentifier>
    </Filter>
    <Filter Include="Game Object\Enemy\Boss\Boss-Stage2\LeftHand">
      <UniqueIdentifier>{a844bc61-5e03-489d-9e9a-af2032eea3d1}</UniqueIdentifier>
    </Filter>
    <Filter Include="Game Object\Enemy\Boss\Boss-Stage2\EyeBoss">
      <UniqueIdentifier>{b259cd61-9091-4f32-a516-50d2089e5edf}</UniqueIdentifier>
    </Filter>
    <Filter Include="Game Object\MapAnimation">
      <UniqueIdentifier>{a4ce3586-be07-4852-9859-73e6a88970b3}</UniqueIdentifier>
    </Filter>
    <Filter Include="Game Object\Enemy\Normal">
      <UniqueIdentifier>{65d05904-443a-4059-87d6-670e3aeea374}</UniqueIdentifier>
    </Filter>
    <Filter Include="Game Object\Enemy\Normal\Soldier">
      <UniqueIdentifier>{3d05c5f3-d09d-42df-b32d-7d002d892c4e}</UniqueIdentifier>
    </Filter>
    <Filter Include="Game Object\Enemy\Normal\Tank">
      <UniqueIdentifier>{95240fbd-b3ef-4de4-92a8-1022ee8def6c}</UniqueIdentifier>
    </Filter>
    <Filter Include="Game Object\Enemy\Normal\Artillery">
      <UniqueIdentifier>{d2a97656-09dd-4015-b55a-b4a3d5f9560b}</UniqueIdentifier>
    </Filter>
    <Filter Include="Game Object\Enemy\Normal\RifleMan">
      <UniqueIdentifier>{bc0e2241-a06f-41a4-a887-1dd17e6b35db}</UniqueIdentifier>
    </Filter>
    <Filter Include="Game Object\Enemy\Normal\Rock">
      <UniqueIdentifier>{9aa0fc7e-b40d-419b-bdfc-7cb1daa850c8}</UniqueIdentifier>
    </Filter>
    <Filter Include="Game Object\Enemy\Normal\CannonWhite">
      <UniqueIdentifier>{ec938cbc-7d26-4529-b597-5b4dbb420d1d}</UniqueIdentifier>
    </Filter>
    <Filter Include="Game Object\Enemy\Normal\CannonRed">
      <UniqueIdentifier>{e2af17ff-2c86-4804-9545-0cbf891bc69c}</UniqueIdentifier>
    </Filter>
    <Filter Include="Game Object\Enemy\Normal\Diver">
      <UniqueIdentifier>{1c85c22b-4f6d-470a-9508-71e649b49315}</UniqueIdentifier>
    </Filter>
    <Filter Include="Game Object\PlatForm\Base">
      <UniqueIdentifier>{0564b769-227a-4874-a6e8-cc4c825af65d}</UniqueIdentifier>
    </Filter>
    <Filter Include="Game Object\PlatForm\PlatformRock">
      <UniqueIdentifier>{789fd36c-815f-43f6-a789-f24e951f191b}</UniqueIdentifier>
    </Filter>
    <Filter Include="Game Object\PlatForm\Water">
      <UniqueIdentifier>{b4b44bc3-42d0-42ba-8620-79d705a4af63}</UniqueIdentifier>
    </Filter>
    <Filter Include="Game Object\Enemy\Boss\Boss-Stage3">
      <UniqueIdentifier>{69fa58f9-cc70-44eb-ba3f-661e2e474d63}</UniqueIdentifier>
    </Filter>
    <Filter Include="Game Object\Enemy\Boss\Boss-Stage3\Ship">
      <UniqueIdentifier>{2b5a5a99-8b7d-4a49-9ae0-2df8172d9a34}</UniqueIdentifier>
    </Filter>
    <Filter Include="Game Object\Enemy\Boss\Boss-Stage3\SmallShip">
      <UniqueIdentifier>{cf2eaf2f-4580-4980-9541-9fd03e3e0c38}</UniqueIdentifier>
    </Filter>
    <Filter Include="Game Object\Falcon">
      <UniqueIdentifier>{cb3aa275-6de0-43c0-83c8-5d08a890cad9}</UniqueIdentifier>
    </Filter>
    <Filter Include="Game Object\Enemy\Normal\Fire">
      <UniqueIdentifier>{7cb63b39-415c-40d4-a4e7-3a2ed3e3ca62}</UniqueIdentifier>
    </Filter>
    <Filter Include="Game Object\Enemy\Boss\Boss-Stage2\MainBoss">
      <UniqueIdentifier>{3d8578ca-670e-4a79-a5fb-d1605a3cfa0c}</UniqueIdentifier>
    </Filter>
    <Filter Include="Game Object\Enemy\EnemyBullet\MoonBullet">
      <UniqueIdentifier>{90b20500-eb89-496b-9055-4c3f2be8e730}</UniqueIdentifier>
    </Filter>
    <Filter Include="Game Object\Enemy\Boss\Boss-Stage2\Mouth">
      <UniqueIdentifier>{1706f4db-fad2-4141-8268-fa34e7c2d834}</UniqueIdentifier>
    </Filter>
    <Filter Include="Game Object\MapAnimation\BackGroundAnimation">
      <UniqueIdentifier>{eeb6cd9f-e277-4e6f-860a-01818b3dce43}</UniqueIdentifier>
    </Filter>
    <Filter Include="Game Object\MapAnimation\ExploreAnimation">
      <UniqueIdentifier>{a659405b-3a19-4db8-a53e-270ee174a20a}</UniqueIdentifier>
    </Filter>
    <Filter Include="Game Object\PlatForm\Bridge">
      <UniqueIdentifier>{19a209c4-1e68-4dec-bcff-da43c7c63785}</UniqueIdentifier>
    </Filter>
    <Filter Include="Game Object\Enemy\EnemyBullet\DBullet">
      <UniqueIdentifier>{f787cc80-1730-4aed-8e00-58b66a80eb74}</UniqueIdentifier>
    </Filter>
    <Filter Include="Game Object\Enemy\EnemyBullet\Bom">
      <UniqueIdentifier>{00bceb2d-b827-4387-8177-f9d1dabe613c}</UniqueIdentifier>
    </Filter>
    <Filter Include="Game Object\Enemy\Normal\BomBay">
      <UniqueIdentifier>{07a38f85-ab0c-4d8d-ac81-d84c7a299f73}</UniqueIdentifier>
    </Filter>
    <Filter Include="Game Object\Enemy\Normal\Hide_Rifleman">
      <UniqueIdentifier>{7cb49065-3f17-4545-86dc-14bcad912940}</UniqueIdentifier>
    </Filter>
    <Filter Include="FrameWork\Game\GameOver">
      <UniqueIdentifier>{87553de0-4111-496c-950c-4f18022bbc18}</UniqueIdentifier>
    </Filter>
    <Filter Include="Game Object\LifeNum">
      <UniqueIdentifier>{ed500658-c2b9-4560-8769-b69b630ed384}</UniqueIdentifier>
    </Filter>
    <Filter Include="FrameWork\Game\GameEnd">
      <UniqueIdentifier>{8d08921f-3975-4c97-8905-1b6ec08d83fb}</UniqueIdentifier>
    </Filter>
  </ItemGroup>
  <ItemGroup>
    <ClCompile Include="Game.cpp">
      <Filter>FrameWork\Game\CGame</Filter>
    </ClCompile>
    <ClCompile Include="Winmain.cpp">
      <Filter>WinMain</Filter>
    </ClCompile>
    <ClCompile Include="GameObject.cpp">
      <Filter>Game Object\BaseGameObject</Filter>
    </ClCompile>
    <ClCompile Include="ContraGame.cpp">
      <Filter>FrameWork\Game\Contra Game</Filter>
    </ClCompile>
    <ClCompile Include="Global.cpp">
      <Filter>FrameWork\Game\Global</Filter>
    </ClCompile>
    <ClCompile Include="Resources.cpp">
      <Filter>Resources</Filter>
    </ClCompile>
    <ClCompile Include="Texture.cpp">
      <Filter>FrameWork\Texture</Filter>
    </ClCompile>
    <ClCompile Include="Bill.cpp">
      <Filter>Game Object\Bill</Filter>
    </ClCompile>
    <ClCompile Include="Menu.cpp">
      <Filter>FrameWork\Game\Menu</Filter>
    </ClCompile>
    <ClCompile Include="Intro.cpp">
      <Filter>FrameWork\Game\Intro</Filter>
    </ClCompile>
    <ClCompile Include="dxaudio.cpp">
      <Filter>FrameWork\Game\Audio</Filter>
    </ClCompile>
    <ClCompile Include="BaseBullet.cpp">
      <Filter>Game Object\Bullet\BaseBullet</Filter>
    </ClCompile>
    <ClCompile Include="PlayerBullet.cpp">
      <Filter>Game Object\Bullet\PlayerBullet\Base</Filter>
    </ClCompile>
    <ClCompile Include="BasicBullet.cpp">
      <Filter>Game Object\Bullet\PlayerBullet\Basic</Filter>
    </ClCompile>
    <ClCompile Include="PoolBullet.cpp">
      <Filter>Game Object\Bullet\PoolBullet</Filter>
    </ClCompile>
    <ClCompile Include="WorldMap.cpp">
      <Filter>WorldMap</Filter>
    </ClCompile>
    <ClCompile Include="FBullet.cpp">
      <Filter>Game Object\Bullet\PlayerBullet\FBullet</Filter>
    </ClCompile>
    <ClCompile Include="S_Bullet.cpp">
      <Filter>Game Object\Bullet\PlayerBullet\SBullet</Filter>
    </ClCompile>
    <ClCompile Include="MBullet.cpp">
      <Filter>Game Object\Bullet\PlayerBullet\MBullet</Filter>
    </ClCompile>
    <ClCompile Include="LBullet.cpp">
      <Filter>Game Object\Bullet\PlayerBullet\LBullet</Filter>
    </ClCompile>
    <ClCompile Include="Item.cpp">
      <Filter>Game Object\Item</Filter>
    </ClCompile>
    <ClCompile Include="FlyingCapsule.cpp">
      <Filter>Game Object\FlyingCapSule</Filter>
    </ClCompile>
    <ClCompile Include="Boss_Stage1.cpp">
      <Filter>Game Object\Enemy\Boss\Boss-Stage1\MainBoss</Filter>
    </ClCompile>
    <ClCompile Include="Gun.cpp">
      <Filter>Game Object\Enemy\Boss\Boss-Stage1\Double_Gun</Filter>
    </ClCompile>
    <ClCompile Include="Enemy.cpp">
      <Filter>Game Object\Enemy\Base</Filter>
    </ClCompile>
    <ClCompile Include="EnemyBullet.cpp">
      <Filter>Game Object\Enemy\EnemyBullet\Base</Filter>
    </ClCompile>
    <ClCompile Include="Small_Bullet.cpp">
      <Filter>Game Object\Enemy\EnemyBullet\SmallBullet</Filter>
    </ClCompile>
    <ClCompile Include="Pool_Enemy_Bullet.cpp">
      <Filter>Game Object\Enemy\EnemyBullet\Pool_Enemy_Bullet</Filter>
    </ClCompile>
    <ClCompile Include="Large_Bullet.cpp">
      <Filter>Game Object\Enemy\EnemyBullet\LargeBullet</Filter>
    </ClCompile>
    <ClCompile Include="Boss_Stone.cpp">
      <Filter>Game Object\Enemy\Boss\Boss-Stage2\RightHand\Boss_Stone</Filter>
    </ClCompile>
    <ClCompile Include="QuadTree.cpp">
      <Filter>QuadTree</Filter>
    </ClCompile>
    <ClCompile Include="Right_Hand_Boss_Stage2.cpp">
      <Filter>Game Object\Enemy\Boss\Boss-Stage2\RightHand</Filter>
    </ClCompile>
    <ClCompile Include="Left_Hand_Boss_Stage2.cpp">
      <Filter>Game Object\Enemy\Boss\Boss-Stage2\LeftHand</Filter>
    </ClCompile>
    <ClCompile Include="SweptAABB.cpp">
      <Filter>FrameWork\CheckCollision</Filter>
    </ClCompile>
    <ClCompile Include="Eye_Boss_Stage2.cpp">
      <Filter>Game Object\Enemy\Boss\Boss-Stage2\EyeBoss</Filter>
    </ClCompile>
    <ClCompile Include="Soldier.cpp">
      <Filter>Game Object\Enemy\Normal\Soldier</Filter>
    </ClCompile>
    <ClCompile Include="Tank.cpp">
      <Filter>Game Object\Enemy\Normal\Tank</Filter>
    </ClCompile>
    <ClCompile Include="Artillery.cpp">
      <Filter>Game Object\Enemy\Normal\Artillery</Filter>
    </ClCompile>
    <ClCompile Include="RifleMan.cpp">
      <Filter>Game Object\Enemy\Normal\RifleMan</Filter>
    </ClCompile>
    <ClCompile Include="Rock.cpp">
      <Filter>Game Object\Enemy\Normal\Rock</Filter>
    </ClCompile>
    <ClCompile Include="Cannon1.cpp">
      <Filter>Game Object\Enemy\Normal\CannonWhite</Filter>
    </ClCompile>
    <ClCompile Include="Cannon2.cpp">
      <Filter>Game Object\Enemy\Normal\CannonRed</Filter>
    </ClCompile>
    <ClCompile Include="Diver.cpp">
      <Filter>Game Object\Enemy\Normal\Diver</Filter>
    </ClCompile>
    <ClCompile Include="Platform.cpp">
      <Filter>Game Object\PlatForm\Base</Filter>
    </ClCompile>
    <ClCompile Include="Platform_Rock.cpp">
      <Filter>Game Object\PlatForm\PlatformRock</Filter>
    </ClCompile>
    <ClCompile Include="Water.cpp">
      <Filter>Game Object\PlatForm\Water</Filter>
    </ClCompile>
    <ClCompile Include="Ship.cpp">
      <Filter>Game Object\Enemy\Boss\Boss-Stage3\Ship</Filter>
    </ClCompile>
    <ClCompile Include="SmallSpaceShip.cpp">
      <Filter>Game Object\Enemy\Boss\Boss-Stage3\SmallShip</Filter>
    </ClCompile>
    <ClCompile Include="Falcon.cpp">
      <Filter>Game Object\Falcon</Filter>
    </ClCompile>
    <ClCompile Include="Fire.cpp">
      <Filter>Game Object\Enemy\Normal\Fire</Filter>
    </ClCompile>
    <ClCompile Include="MoonBullet.cpp">
      <Filter>Game Object\Enemy\EnemyBullet\MoonBullet</Filter>
    </ClCompile>
    <ClCompile Include="MouthBoss.cpp">
      <Filter>Game Object\Enemy\Boss\Boss-Stage2\Mouth</Filter>
    </ClCompile>
    <ClCompile Include="MapAnimation.cpp">
      <Filter>Game Object\MapAnimation\BackGroundAnimation</Filter>
    </ClCompile>
    <ClCompile Include="ExploreAnimation.cpp">
      <Filter>Game Object\MapAnimation\ExploreAnimation</Filter>
    </ClCompile>
    <ClCompile Include="Bridge.cpp">
      <Filter>Game Object\PlatForm\Bridge</Filter>
    </ClCompile>
    <ClCompile Include="DBullet.cpp">
      <Filter>Game Object\Enemy\EnemyBullet\DBullet</Filter>
    </ClCompile>
    <ClCompile Include="Bom.cpp">
      <Filter>Game Object\Enemy\EnemyBullet\Bom</Filter>
    </ClCompile>
    <ClCompile Include="BomBay.cpp">
      <Filter>Game Object\Enemy\Normal\BomBay</Filter>
    </ClCompile>
    <ClCompile Include="MainBoss_Stage3.cpp">
      <Filter>Game Object\Enemy\Boss\Boss-Stage2\MainBoss</Filter>
    </ClCompile>
    <ClCompile Include="Hide_Rifleman.cpp">
      <Filter>Game Object\Enemy\Normal\Hide_Rifleman</Filter>
    </ClCompile>
    <ClCompile Include="GameOver.cpp">
      <Filter>FrameWork\Game\GameOver</Filter>
    </ClCompile>
    <ClCompile Include="LifeNum.cpp">
      <Filter>Game Object\LifeNum</Filter>
    </ClCompile>
    <ClCompile Include="GameEnd.cpp">
      <Filter>FrameWork\Game\GameEnd</Filter>
    </ClCompile>
  </ItemGroup>
  <ItemGroup>
    <ClInclude Include="Game.h">
      <Filter>FrameWork\Game\CGame</Filter>
    </ClInclude>
    <ClInclude Include="GameObject.h">
      <Filter>Game Object\BaseGameObject</Filter>
    </ClInclude>
    <ClInclude Include="ContraGame.h">
      <Filter>FrameWork\Game\Contra Game</Filter>
    </ClInclude>
    <ClInclude Include="Global.h">
      <Filter>FrameWork\Game\Global</Filter>
    </ClInclude>
    <ClInclude Include="resource.h" />
    <ClInclude Include="Resources.h">
      <Filter>Resources</Filter>
    </ClInclude>
    <ClInclude Include="Texture.h">
      <Filter>FrameWork\Texture</Filter>
    </ClInclude>
    <ClInclude Include="Bill.h">
      <Filter>Game Object\Bill</Filter>
    </ClInclude>
    <ClInclude Include="Menu.h">
      <Filter>FrameWork\Game\Menu</Filter>
    </ClInclude>
    <ClInclude Include="Intro.h">
      <Filter>FrameWork\Game\Intro</Filter>
    </ClInclude>
    <ClInclude Include="dxaudio.h">
      <Filter>FrameWork\Game\Audio</Filter>
    </ClInclude>
    <ClInclude Include="BaseBullet.h">
      <Filter>Game Object\Bullet\BaseBullet</Filter>
    </ClInclude>
    <ClInclude Include="PlayerBullet.h">
      <Filter>Game Object\Bullet\PlayerBullet\Base</Filter>
    </ClInclude>
    <ClInclude Include="BasicBullet.h">
      <Filter>Game Object\Bullet\PlayerBullet\Basic</Filter>
    </ClInclude>
    <ClInclude Include="PoolBullet.h">
      <Filter>Game Object\Bullet\PoolBullet</Filter>
    </ClInclude>
    <ClInclude Include="WorldMap.h">
      <Filter>WorldMap</Filter>
    </ClInclude>
    <ClInclude Include="FBullet.h">
      <Filter>Game Object\Bullet\PlayerBullet\FBullet</Filter>
    </ClInclude>
    <ClInclude Include="S_Bullet.h">
      <Filter>Game Object\Bullet\PlayerBullet\SBullet</Filter>
    </ClInclude>
    <ClInclude Include="MBullet.h">
      <Filter>Game Object\Bullet\PlayerBullet\MBullet</Filter>
    </ClInclude>
    <ClInclude Include="LBullet.h">
      <Filter>Game Object\Bullet\PlayerBullet\LBullet</Filter>
    </ClInclude>
    <ClInclude Include="Item.h">
      <Filter>Game Object\Item</Filter>
    </ClInclude>
    <ClInclude Include="FlyingCapsule.h">
      <Filter>Game Object\FlyingCapSule</Filter>
    </ClInclude>
    <ClInclude Include="Boss_Stage1.h">
      <Filter>Game Object\Enemy\Boss\Boss-Stage1\MainBoss</Filter>
    </ClInclude>
    <ClInclude Include="Gun.h">
      <Filter>Game Object\Enemy\Boss\Boss-Stage1\Double_Gun</Filter>
    </ClInclude>
    <ClInclude Include="Enemy.h">
      <Filter>Game Object\Enemy\Base</Filter>
    </ClInclude>
    <ClInclude Include="EnemyBullet.h">
      <Filter>Game Object\Enemy\EnemyBullet\Base</Filter>
    </ClInclude>
    <ClInclude Include="Small_Bullet.h">
      <Filter>Game Object\Enemy\EnemyBullet\SmallBullet</Filter>
    </ClInclude>
    <ClInclude Include="Pool_Enemy_Bullet.h">
      <Filter>Game Object\Enemy\EnemyBullet\Pool_Enemy_Bullet</Filter>
    </ClInclude>
    <ClInclude Include="Large_Bullet.h">
      <Filter>Game Object\Enemy\EnemyBullet\LargeBullet</Filter>
    </ClInclude>
    <ClInclude Include="Boss_Stone.h">
      <Filter>Game Object\Enemy\Boss\Boss-Stage2\RightHand\Boss_Stone</Filter>
    </ClInclude>
    <ClInclude Include="QuadTree.h">
      <Filter>QuadTree</Filter>
    </ClInclude>
    <ClInclude Include="Right_Hand_Boss_Stage2.h">
      <Filter>Game Object\Enemy\Boss\Boss-Stage2\RightHand</Filter>
    </ClInclude>
    <ClInclude Include="Left_Hand_Boss_Stage2.h">
      <Filter>Game Object\Enemy\Boss\Boss-Stage2\LeftHand</Filter>
    </ClInclude>
    <ClInclude Include="SweptAABB.h">
      <Filter>FrameWork\CheckCollision</Filter>
    </ClInclude>
    <ClInclude Include="Eye_Boss_Stage2.h">
      <Filter>Game Object\Enemy\Boss\Boss-Stage2\EyeBoss</Filter>
    </ClInclude>
    <ClInclude Include="Soldier.h">
      <Filter>Game Object\Enemy\Normal\Soldier</Filter>
    </ClInclude>
    <ClInclude Include="Tank.h">
      <Filter>Game Object\Enemy\Normal\Tank</Filter>
    </ClInclude>
    <ClInclude Include="Artillery.h">
      <Filter>Game Object\Enemy\Normal\Artillery</Filter>
    </ClInclude>
    <ClInclude Include="RifleMan.h">
      <Filter>Game Object\Enemy\Normal\RifleMan</Filter>
    </ClInclude>
    <ClInclude Include="Rock.h">
      <Filter>Game Object\Enemy\Normal\Rock</Filter>
    </ClInclude>
    <ClInclude Include="Cannon1.h">
      <Filter>Game Object\Enemy\Normal\CannonWhite</Filter>
    </ClInclude>
    <ClInclude Include="Cannon2.h">
      <Filter>Game Object\Enemy\Normal\CannonRed</Filter>
    </ClInclude>
    <ClInclude Include="Diver.h">
      <Filter>Game Object\Enemy\Normal\Diver</Filter>
    </ClInclude>
    <ClInclude Include="Platform.h">
      <Filter>Game Object\PlatForm\Base</Filter>
    </ClInclude>
    <ClInclude Include="Platform_Rock.h">
      <Filter>Game Object\PlatForm\PlatformRock</Filter>
    </ClInclude>
    <ClInclude Include="Water.h">
      <Filter>Game Object\PlatForm\Water</Filter>
    </ClInclude>
    <ClInclude Include="Ship.h">
      <Filter>Game Object\Enemy\Boss\Boss-Stage3\Ship</Filter>
    </ClInclude>
    <ClInclude Include="SmallSpaceShip.h">
      <Filter>Game Object\Enemy\Boss\Boss-Stage3\SmallShip</Filter>
    </ClInclude>
    <ClInclude Include="Falcon.h">
      <Filter>Game Object\Falcon</Filter>
    </ClInclude>
    <ClInclude Include="Fire.h">
      <Filter>Game Object\Enemy\Normal\Fire</Filter>
    </ClInclude>
    <ClInclude Include="MoonBullet.h">
      <Filter>Game Object\Enemy\EnemyBullet\MoonBullet</Filter>
    </ClInclude>
    <ClInclude Include="MouthBoss.h">
      <Filter>Game Object\Enemy\Boss\Boss-Stage2\Mouth</Filter>
    </ClInclude>
    <ClInclude Include="MapAnimation.h">
      <Filter>Game Object\MapAnimation\BackGroundAnimation</Filter>
    </ClInclude>
    <ClInclude Include="ExploreAnimation.h">
      <Filter>Game Object\MapAnimation\ExploreAnimation</Filter>
    </ClInclude>
    <ClInclude Include="Bridge.h">
      <Filter>Game Object\PlatForm\Bridge</Filter>
    </ClInclude>
    <ClInclude Include="DBullet.h">
      <Filter>Game Object\Enemy\EnemyBullet\DBullet</Filter>
    </ClInclude>
    <ClInclude Include="Bom.h">
      <Filter>Game Object\Enemy\EnemyBullet\Bom</Filter>
    </ClInclude>
    <ClInclude Include="BomBay.h">
      <Filter>Game Object\Enemy\Normal\BomBay</Filter>
    </ClInclude>
    <ClInclude Include="MainBoss_Stage3.h">
      <Filter>Game Object\Enemy\Boss\Boss-Stage2\MainBoss</Filter>
    </ClInclude>
    <ClInclude Include="Hide_Rifleman.h">
      <Filter>Game Object\Enemy\Normal\Hide_Rifleman</Filter>
    </ClInclude>
    <ClInclude Include="GameOver.h">
      <Filter>FrameWork\Game\GameOver</Filter>
    </ClInclude>
    <ClInclude Include="LifeNum.h">
      <Filter>Game Object\LifeNum</Filter>
    </ClInclude>
    <ClInclude Include="GameEnd.h">
      <Filter>FrameWork\Game\GameEnd</Filter>
    </ClInclude>
  </ItemGroup>
  <ItemGroup>
    <ResourceCompile Include="GameContra.rc" />
  </ItemGroup>
</Project>